// !$*UTF8*$!
{
	archiveVersion = 1;
	classes = {
	};
	objectVersion = 50;
	objects = {

/* Begin PBXBuildFile section */
		B629B80A257CF19C008CE7A8 /* AppDelegate.swift in Sources */ = {isa = PBXBuildFile; fileRef = B629B809257CF19C008CE7A8 /* AppDelegate.swift */; };
		B629B80C257CF19C008CE7A8 /* SceneDelegate.swift in Sources */ = {isa = PBXBuildFile; fileRef = B629B80B257CF19C008CE7A8 /* SceneDelegate.swift */; };
		B629B80E257CF19C008CE7A8 /* ViewController.swift in Sources */ = {isa = PBXBuildFile; fileRef = B629B80D257CF19C008CE7A8 /* ViewController.swift */; };
		B629B811257CF19C008CE7A8 /* Main.storyboard in Resources */ = {isa = PBXBuildFile; fileRef = B629B80F257CF19C008CE7A8 /* Main.storyboard */; };
		B629B814257CF19C008CE7A8 /* BusinessPlanner.xcdatamodeld in Sources */ = {isa = PBXBuildFile; fileRef = B629B812257CF19C008CE7A8 /* BusinessPlanner.xcdatamodeld */; };
		B629B816257CF19D008CE7A8 /* Assets.xcassets in Resources */ = {isa = PBXBuildFile; fileRef = B629B815257CF19D008CE7A8 /* Assets.xcassets */; };
		B629B819257CF19D008CE7A8 /* LaunchScreen.storyboard in Resources */ = {isa = PBXBuildFile; fileRef = B629B817257CF19D008CE7A8 /* LaunchScreen.storyboard */; };
		B629B824257CF19D008CE7A8 /* BusinessPlannerTests.swift in Sources */ = {isa = PBXBuildFile; fileRef = B629B823257CF19D008CE7A8 /* BusinessPlannerTests.swift */; };
		B629B82F257CF19D008CE7A8 /* BusinessPlannerUITests.swift in Sources */ = {isa = PBXBuildFile; fileRef = B629B82E257CF19D008CE7A8 /* BusinessPlannerUITests.swift */; };
/* End PBXBuildFile section */

/* Begin PBXContainerItemProxy section */
		B629B820257CF19D008CE7A8 /* PBXContainerItemProxy */ = {
			isa = PBXContainerItemProxy;
			containerPortal = B629B7FE257CF19C008CE7A8 /* Project object */;
			proxyType = 1;
			remoteGlobalIDString = B629B805257CF19C008CE7A8;
			remoteInfo = BusinessPlanner;
		};
		B629B82B257CF19D008CE7A8 /* PBXContainerItemProxy */ = {
			isa = PBXContainerItemProxy;
			containerPortal = B629B7FE257CF19C008CE7A8 /* Project object */;
			proxyType = 1;
			remoteGlobalIDString = B629B805257CF19C008CE7A8;
			remoteInfo = BusinessPlanner;
		};
/* End PBXContainerItemProxy section */

/* Begin PBXFileReference section */
		B629B806257CF19C008CE7A8 /* BusinessPlanner.app */ = {isa = PBXFileReference; explicitFileType = wrapper.application; includeInIndex = 0; path = BusinessPlanner.app; sourceTree = BUILT_PRODUCTS_DIR; };
		B629B809257CF19C008CE7A8 /* AppDelegate.swift */ = {isa = PBXFileReference; lastKnownFileType = sourcecode.swift; path = AppDelegate.swift; sourceTree = "<group>"; };
		B629B80B257CF19C008CE7A8 /* SceneDelegate.swift */ = {isa = PBXFileReference; lastKnownFileType = sourcecode.swift; path = SceneDelegate.swift; sourceTree = "<group>"; };
		B629B80D257CF19C008CE7A8 /* ViewController.swift */ = {isa = PBXFileReference; lastKnownFileType = sourcecode.swift; path = ViewController.swift; sourceTree = "<group>"; };
		B629B810257CF19C008CE7A8 /* Base */ = {isa = PBXFileReference; lastKnownFileType = file.storyboard; name = Base; path = Base.lproj/Main.storyboard; sourceTree = "<group>"; };
		B629B813257CF19C008CE7A8 /* BusinessPlanner.xcdatamodel */ = {isa = PBXFileReference; lastKnownFileType = wrapper.xcdatamodel; path = BusinessPlanner.xcdatamodel; sourceTree = "<group>"; };
		B629B815257CF19D008CE7A8 /* Assets.xcassets */ = {isa = PBXFileReference; lastKnownFileType = folder.assetcatalog; path = Assets.xcassets; sourceTree = "<group>"; };
		B629B818257CF19D008CE7A8 /* Base */ = {isa = PBXFileReference; lastKnownFileType = file.storyboard; name = Base; path = Base.lproj/LaunchScreen.storyboard; sourceTree = "<group>"; };
		B629B81A257CF19D008CE7A8 /* Info.plist */ = {isa = PBXFileReference; lastKnownFileType = text.plist.xml; path = Info.plist; sourceTree = "<group>"; };
		B629B81F257CF19D008CE7A8 /* BusinessPlannerTests.xctest */ = {isa = PBXFileReference; explicitFileType = wrapper.cfbundle; includeInIndex = 0; path = BusinessPlannerTests.xctest; sourceTree = BUILT_PRODUCTS_DIR; };
		B629B823257CF19D008CE7A8 /* BusinessPlannerTests.swift */ = {isa = PBXFileReference; lastKnownFileType = sourcecode.swift; path = BusinessPlannerTests.swift; sourceTree = "<group>"; };
		B629B825257CF19D008CE7A8 /* Info.plist */ = {isa = PBXFileReference; lastKnownFileType = text.plist.xml; path = Info.plist; sourceTree = "<group>"; };
		B629B82A257CF19D008CE7A8 /* BusinessPlannerUITests.xctest */ = {isa = PBXFileReference; explicitFileType = wrapper.cfbundle; includeInIndex = 0; path = BusinessPlannerUITests.xctest; sourceTree = BUILT_PRODUCTS_DIR; };
		B629B82E257CF19D008CE7A8 /* BusinessPlannerUITests.swift */ = {isa = PBXFileReference; lastKnownFileType = sourcecode.swift; path = BusinessPlannerUITests.swift; sourceTree = "<group>"; };
		B629B830257CF19D008CE7A8 /* Info.plist */ = {isa = PBXFileReference; lastKnownFileType = text.plist.xml; path = Info.plist; sourceTree = "<group>"; };
/* End PBXFileReference section */

/* Begin PBXFrameworksBuildPhase section */
		B629B803257CF19C008CE7A8 /* Frameworks */ = {
			isa = PBXFrameworksBuildPhase;
			buildActionMask = 2147483647;
			files = (
			);
			runOnlyForDeploymentPostprocessing = 0;
		};
		B629B81C257CF19D008CE7A8 /* Frameworks */ = {
			isa = PBXFrameworksBuildPhase;
			buildActionMask = 2147483647;
			files = (
			);
			runOnlyForDeploymentPostprocessing = 0;
		};
		B629B827257CF19D008CE7A8 /* Frameworks */ = {
			isa = PBXFrameworksBuildPhase;
			buildActionMask = 2147483647;
			files = (
			);
			runOnlyForDeploymentPostprocessing = 0;
		};
/* End PBXFrameworksBuildPhase section */

/* Begin PBXGroup section */
		B629B7FD257CF19C008CE7A8 = {
			isa = PBXGroup;
			children = (
				B629B808257CF19C008CE7A8 /* BusinessPlanner */,
				B629B822257CF19D008CE7A8 /* BusinessPlannerTests */,
				B629B82D257CF19D008CE7A8 /* BusinessPlannerUITests */,
				B629B807257CF19C008CE7A8 /* Products */,
			);
			sourceTree = "<group>";
		};
		B629B807257CF19C008CE7A8 /* Products */ = {
			isa = PBXGroup;
			children = (
				B629B806257CF19C008CE7A8 /* BusinessPlanner.app */,
				B629B81F257CF19D008CE7A8 /* BusinessPlannerTests.xctest */,
				B629B82A257CF19D008CE7A8 /* BusinessPlannerUITests.xctest */,
			);
			name = Products;
			sourceTree = "<group>";
		};
		B629B808257CF19C008CE7A8 /* BusinessPlanner */ = {
			isa = PBXGroup;
			children = (
				B629B809257CF19C008CE7A8 /* AppDelegate.swift */,
				B629B80B257CF19C008CE7A8 /* SceneDelegate.swift */,
				B629B80D257CF19C008CE7A8 /* ViewController.swift */,
				B629B80F257CF19C008CE7A8 /* Main.storyboard */,
				B629B815257CF19D008CE7A8 /* Assets.xcassets */,
				B629B817257CF19D008CE7A8 /* LaunchScreen.storyboard */,
				B629B81A257CF19D008CE7A8 /* Info.plist */,
				B629B812257CF19C008CE7A8 /* BusinessPlanner.xcdatamodeld */,
			);
			path = BusinessPlanner;
			sourceTree = "<group>";
		};
		B629B822257CF19D008CE7A8 /* BusinessPlannerTests */ = {
			isa = PBXGroup;
			children = (
				B629B823257CF19D008CE7A8 /* BusinessPlannerTests.swift */,
				B629B825257CF19D008CE7A8 /* Info.plist */,
			);
			path = BusinessPlannerTests;
			sourceTree = "<group>";
		};
		B629B82D257CF19D008CE7A8 /* BusinessPlannerUITests */ = {
			isa = PBXGroup;
			children = (
				B629B82E257CF19D008CE7A8 /* BusinessPlannerUITests.swift */,
				B629B830257CF19D008CE7A8 /* Info.plist */,
			);
			path = BusinessPlannerUITests;
			sourceTree = "<group>";
		};
/* End PBXGroup section */

/* Begin PBXNativeTarget section */
		B629B805257CF19C008CE7A8 /* BusinessPlanner */ = {
			isa = PBXNativeTarget;
			buildConfigurationList = B629B833257CF19D008CE7A8 /* Build configuration list for PBXNativeTarget "BusinessPlanner" */;
			buildPhases = (
				B629B802257CF19C008CE7A8 /* Sources */,
				B629B803257CF19C008CE7A8 /* Frameworks */,
				B629B804257CF19C008CE7A8 /* Resources */,
			);
			buildRules = (
			);
			dependencies = (
			);
			name = BusinessPlanner;
			productName = BusinessPlanner;
			productReference = B629B806257CF19C008CE7A8 /* BusinessPlanner.app */;
			productType = "com.apple.product-type.application";
		};
		B629B81E257CF19D008CE7A8 /* BusinessPlannerTests */ = {
			isa = PBXNativeTarget;
			buildConfigurationList = B629B836257CF19D008CE7A8 /* Build configuration list for PBXNativeTarget "BusinessPlannerTests" */;
			buildPhases = (
				B629B81B257CF19D008CE7A8 /* Sources */,
				B629B81C257CF19D008CE7A8 /* Frameworks */,
				B629B81D257CF19D008CE7A8 /* Resources */,
			);
			buildRules = (
			);
			dependencies = (
				B629B821257CF19D008CE7A8 /* PBXTargetDependency */,
			);
			name = BusinessPlannerTests;
			productName = BusinessPlannerTests;
			productReference = B629B81F257CF19D008CE7A8 /* BusinessPlannerTests.xctest */;
			productType = "com.apple.product-type.bundle.unit-test";
		};
		B629B829257CF19D008CE7A8 /* BusinessPlannerUITests */ = {
			isa = PBXNativeTarget;
			buildConfigurationList = B629B839257CF19D008CE7A8 /* Build configuration list for PBXNativeTarget "BusinessPlannerUITests" */;
			buildPhases = (
				B629B826257CF19D008CE7A8 /* Sources */,
				B629B827257CF19D008CE7A8 /* Frameworks */,
				B629B828257CF19D008CE7A8 /* Resources */,
			);
			buildRules = (
			);
			dependencies = (
				B629B82C257CF19D008CE7A8 /* PBXTargetDependency */,
			);
			name = BusinessPlannerUITests;
			productName = BusinessPlannerUITests;
			productReference = B629B82A257CF19D008CE7A8 /* BusinessPlannerUITests.xctest */;
			productType = "com.apple.product-type.bundle.ui-testing";
		};
/* End PBXNativeTarget section */

/* Begin PBXProject section */
		B629B7FE257CF19C008CE7A8 /* Project object */ = {
			isa = PBXProject;
			attributes = {
				LastSwiftUpdateCheck = 1170;
				LastUpgradeCheck = 1170;
				ORGANIZATIONNAME = "Anton Shupletsov";
				TargetAttributes = {
					B629B805257CF19C008CE7A8 = {
						CreatedOnToolsVersion = 11.7;
					};
					B629B81E257CF19D008CE7A8 = {
						CreatedOnToolsVersion = 11.7;
						TestTargetID = B629B805257CF19C008CE7A8;
					};
					B629B829257CF19D008CE7A8 = {
						CreatedOnToolsVersion = 11.7;
						TestTargetID = B629B805257CF19C008CE7A8;
					};
				};
			};
			buildConfigurationList = B629B801257CF19C008CE7A8 /* Build configuration list for PBXProject "BusinessPlanner" */;
			compatibilityVersion = "Xcode 9.3";
			developmentRegion = en;
			hasScannedForEncodings = 0;
			knownRegions = (
				en,
				Base,
			);
			mainGroup = B629B7FD257CF19C008CE7A8;
			productRefGroup = B629B807257CF19C008CE7A8 /* Products */;
			projectDirPath = "";
			projectRoot = "";
			targets = (
				B629B805257CF19C008CE7A8 /* BusinessPlanner */,
				B629B81E257CF19D008CE7A8 /* BusinessPlannerTests */,
				B629B829257CF19D008CE7A8 /* BusinessPlannerUITests */,
			);
		};
/* End PBXProject section */

/* Begin PBXResourcesBuildPhase section */
		B629B804257CF19C008CE7A8 /* Resources */ = {
			isa = PBXResourcesBuildPhase;
			buildActionMask = 2147483647;
			files = (
				B629B819257CF19D008CE7A8 /* LaunchScreen.storyboard in Resources */,
				B629B816257CF19D008CE7A8 /* Assets.xcassets in Resources */,
				B629B811257CF19C008CE7A8 /* Main.storyboard in Resources */,
			);
			runOnlyForDeploymentPostprocessing = 0;
		};
		B629B81D257CF19D008CE7A8 /* Resources */ = {
			isa = PBXResourcesBuildPhase;
			buildActionMask = 2147483647;
			files = (
			);
			runOnlyForDeploymentPostprocessing = 0;
		};
		B629B828257CF19D008CE7A8 /* Resources */ = {
			isa = PBXResourcesBuildPhase;
			buildActionMask = 2147483647;
			files = (
			);
			runOnlyForDeploymentPostprocessing = 0;
		};
/* End PBXResourcesBuildPhase section */

/* Begin PBXSourcesBuildPhase section */
		B629B802257CF19C008CE7A8 /* Sources */ = {
			isa = PBXSourcesBuildPhase;
			buildActionMask = 2147483647;
			files = (
				B629B814257CF19C008CE7A8 /* BusinessPlanner.xcdatamodeld in Sources */,
				B629B80E257CF19C008CE7A8 /* ViewController.swift in Sources */,
				B629B80A257CF19C008CE7A8 /* AppDelegate.swift in Sources */,
				B629B80C257CF19C008CE7A8 /* SceneDelegate.swift in Sources */,
			);
			runOnlyForDeploymentPostprocessing = 0;
		};
		B629B81B257CF19D008CE7A8 /* Sources */ = {
			isa = PBXSourcesBuildPhase;
			buildActionMask = 2147483647;
			files = (
				B629B824257CF19D008CE7A8 /* BusinessPlannerTests.swift in Sources */,
			);
			runOnlyForDeploymentPostprocessing = 0;
		};
		B629B826257CF19D008CE7A8 /* Sources */ = {
			isa = PBXSourcesBuildPhase;
			buildActionMask = 2147483647;
			files = (
				B629B82F257CF19D008CE7A8 /* BusinessPlannerUITests.swift in Sources */,
			);
			runOnlyForDeploymentPostprocessing = 0;
		};
/* End PBXSourcesBuildPhase section */

/* Begin PBXTargetDependency section */
		B629B821257CF19D008CE7A8 /* PBXTargetDependency */ = {
			isa = PBXTargetDependency;
			target = B629B805257CF19C008CE7A8 /* BusinessPlanner */;
			targetProxy = B629B820257CF19D008CE7A8 /* PBXContainerItemProxy */;
		};
		B629B82C257CF19D008CE7A8 /* PBXTargetDependency */ = {
			isa = PBXTargetDependency;
			target = B629B805257CF19C008CE7A8 /* BusinessPlanner */;
			targetProxy = B629B82B257CF19D008CE7A8 /* PBXContainerItemProxy */;
		};
/* End PBXTargetDependency section */

/* Begin PBXVariantGroup section */
		B629B80F257CF19C008CE7A8 /* Main.storyboard */ = {
			isa = PBXVariantGroup;
			children = (
				B629B810257CF19C008CE7A8 /* Base */,
			);
			name = Main.storyboard;
			sourceTree = "<group>";
		};
		B629B817257CF19D008CE7A8 /* LaunchScreen.storyboard */ = {
			isa = PBXVariantGroup;
			children = (
				B629B818257CF19D008CE7A8 /* Base */,
			);
			name = LaunchScreen.storyboard;
			sourceTree = "<group>";
		};
/* End PBXVariantGroup section */

/* Begin XCBuildConfiguration section */
		B629B831257CF19D008CE7A8 /* Debug */ = {
			isa = XCBuildConfiguration;
			buildSettings = {
				ALWAYS_SEARCH_USER_PATHS = NO;
				CLANG_ANALYZER_NONNULL = YES;
				CLANG_ANALYZER_NUMBER_OBJECT_CONVERSION = YES_AGGRESSIVE;
				CLANG_CXX_LANGUAGE_STANDARD = "gnu++14";
				CLANG_CXX_LIBRARY = "libc++";
				CLANG_ENABLE_MODULES = YES;
				CLANG_ENABLE_OBJC_ARC = YES;
				CLANG_ENABLE_OBJC_WEAK = YES;
				CLANG_WARN_BLOCK_CAPTURE_AUTORELEASING = YES;
				CLANG_WARN_BOOL_CONVERSION = YES;
				CLANG_WARN_COMMA = YES;
				CLANG_WARN_CONSTANT_CONVERSION = YES;
				CLANG_WARN_DEPRECATED_OBJC_IMPLEMENTATIONS = YES;
				CLANG_WARN_DIRECT_OBJC_ISA_USAGE = YES_ERROR;
				CLANG_WARN_DOCUMENTATION_COMMENTS = YES;
				CLANG_WARN_EMPTY_BODY = YES;
				CLANG_WARN_ENUM_CONVERSION = YES;
				CLANG_WARN_INFINITE_RECURSION = YES;
				CLANG_WARN_INT_CONVERSION = YES;
				CLANG_WARN_NON_LITERAL_NULL_CONVERSION = YES;
				CLANG_WARN_OBJC_IMPLICIT_RETAIN_SELF = YES;
				CLANG_WARN_OBJC_LITERAL_CONVERSION = YES;
				CLANG_WARN_OBJC_ROOT_CLASS = YES_ERROR;
				CLANG_WARN_RANGE_LOOP_ANALYSIS = YES;
				CLANG_WARN_STRICT_PROTOTYPES = YES;
				CLANG_WARN_SUSPICIOUS_MOVE = YES;
				CLANG_WARN_UNGUARDED_AVAILABILITY = YES_AGGRESSIVE;
				CLANG_WARN_UNREACHABLE_CODE = YES;
				CLANG_WARN__DUPLICATE_METHOD_MATCH = YES;
				COPY_PHASE_STRIP = NO;
				DEBUG_INFORMATION_FORMAT = dwarf;
				ENABLE_STRICT_OBJC_MSGSEND = YES;
				ENABLE_TESTABILITY = YES;
				GCC_C_LANGUAGE_STANDARD = gnu11;
				GCC_DYNAMIC_NO_PIC = NO;
				GCC_NO_COMMON_BLOCKS = YES;
				GCC_OPTIMIZATION_LEVEL = 0;
				GCC_PREPROCESSOR_DEFINITIONS = (
					"DEBUG=1",
					"$(inherited)",
				);
				GCC_WARN_64_TO_32_BIT_CONVERSION = YES;
				GCC_WARN_ABOUT_RETURN_TYPE = YES_ERROR;
				GCC_WARN_UNDECLARED_SELECTOR = YES;
				GCC_WARN_UNINITIALIZED_AUTOS = YES_AGGRESSIVE;
				GCC_WARN_UNUSED_FUNCTION = YES;
				GCC_WARN_UNUSED_VARIABLE = YES;
				IPHONEOS_DEPLOYMENT_TARGET = 13.7;
				MTL_ENABLE_DEBUG_INFO = INCLUDE_SOURCE;
				MTL_FAST_MATH = YES;
				ONLY_ACTIVE_ARCH = YES;
				SDKROOT = iphoneos;
				SWIFT_ACTIVE_COMPILATION_CONDITIONS = DEBUG;
				SWIFT_OPTIMIZATION_LEVEL = "-Onone";
			};
			name = Debug;
		};
		B629B832257CF19D008CE7A8 /* Release */ = {
			isa = XCBuildConfiguration;
			buildSettings = {
				ALWAYS_SEARCH_USER_PATHS = NO;
				CLANG_ANALYZER_NONNULL = YES;
				CLANG_ANALYZER_NUMBER_OBJECT_CONVERSION = YES_AGGRESSIVE;
				CLANG_CXX_LANGUAGE_STANDARD = "gnu++14";
				CLANG_CXX_LIBRARY = "libc++";
				CLANG_ENABLE_MODULES = YES;
				CLANG_ENABLE_OBJC_ARC = YES;
				CLANG_ENABLE_OBJC_WEAK = YES;
				CLANG_WARN_BLOCK_CAPTURE_AUTORELEASING = YES;
				CLANG_WARN_BOOL_CONVERSION = YES;
				CLANG_WARN_COMMA = YES;
				CLANG_WARN_CONSTANT_CONVERSION = YES;
				CLANG_WARN_DEPRECATED_OBJC_IMPLEMENTATIONS = YES;
				CLANG_WARN_DIRECT_OBJC_ISA_USAGE = YES_ERROR;
				CLANG_WARN_DOCUMENTATION_COMMENTS = YES;
				CLANG_WARN_EMPTY_BODY = YES;
				CLANG_WARN_ENUM_CONVERSION = YES;
				CLANG_WARN_INFINITE_RECURSION = YES;
				CLANG_WARN_INT_CONVERSION = YES;
				CLANG_WARN_NON_LITERAL_NULL_CONVERSION = YES;
				CLANG_WARN_OBJC_IMPLICIT_RETAIN_SELF = YES;
				CLANG_WARN_OBJC_LITERAL_CONVERSION = YES;
				CLANG_WARN_OBJC_ROOT_CLASS = YES_ERROR;
				CLANG_WARN_RANGE_LOOP_ANALYSIS = YES;
				CLANG_WARN_STRICT_PROTOTYPES = YES;
				CLANG_WARN_SUSPICIOUS_MOVE = YES;
				CLANG_WARN_UNGUARDED_AVAILABILITY = YES_AGGRESSIVE;
				CLANG_WARN_UNREACHABLE_CODE = YES;
				CLANG_WARN__DUPLICATE_METHOD_MATCH = YES;
				COPY_PHASE_STRIP = NO;
				DEBUG_INFORMATION_FORMAT = "dwarf-with-dsym";
				ENABLE_NS_ASSERTIONS = NO;
				ENABLE_STRICT_OBJC_MSGSEND = YES;
				GCC_C_LANGUAGE_STANDARD = gnu11;
				GCC_NO_COMMON_BLOCKS = YES;
				GCC_WARN_64_TO_32_BIT_CONVERSION = YES;
				GCC_WARN_ABOUT_RETURN_TYPE = YES_ERROR;
				GCC_WARN_UNDECLARED_SELECTOR = YES;
				GCC_WARN_UNINITIALIZED_AUTOS = YES_AGGRESSIVE;
				GCC_WARN_UNUSED_FUNCTION = YES;
				GCC_WARN_UNUSED_VARIABLE = YES;
				IPHONEOS_DEPLOYMENT_TARGET = 13.7;
				MTL_ENABLE_DEBUG_INFO = NO;
				MTL_FAST_MATH = YES;
				SDKROOT = iphoneos;
				SWIFT_COMPILATION_MODE = wholemodule;
				SWIFT_OPTIMIZATION_LEVEL = "-O";
				VALIDATE_PRODUCT = YES;
			};
			name = Release;
		};
		B629B834257CF19D008CE7A8 /* Debug */ = {
			isa = XCBuildConfiguration;
			buildSettings = {
				ASSETCATALOG_COMPILER_APPICON_NAME = AppIcon;
				CODE_SIGN_STYLE = Automatic;
				DEVELOPMENT_TEAM = KL7GLHZ84U;
				INFOPLIST_FILE = BusinessPlanner/Info.plist;
				LD_RUNPATH_SEARCH_PATHS = (
					"$(inherited)",
					"@executable_path/Frameworks",
				);
				PRODUCT_BUNDLE_IDENTIFIER = "Anton-Shupletsov.BusinessPlanner";
				PRODUCT_NAME = "$(TARGET_NAME)";
				SWIFT_VERSION = 5.0;
				TARGETED_DEVICE_FAMILY = "1,2";
			};
			name = Debug;
		};
		B629B835257CF19D008CE7A8 /* Release */ = {
			isa = XCBuildConfiguration;
			buildSettings = {
				ASSETCATALOG_COMPILER_APPICON_NAME = AppIcon;
				CODE_SIGN_STYLE = Automatic;
				DEVELOPMENT_TEAM = KL7GLHZ84U;
				INFOPLIST_FILE = BusinessPlanner/Info.plist;
				LD_RUNPATH_SEARCH_PATHS = (
					"$(inherited)",
					"@executable_path/Frameworks",
				);
				PRODUCT_BUNDLE_IDENTIFIER = "Anton-Shupletsov.BusinessPlanner";
				PRODUCT_NAME = "$(TARGET_NAME)";
				SWIFT_VERSION = 5.0;
				TARGETED_DEVICE_FAMILY = "1,2";
			};
			name = Release;
		};
		B629B837257CF19D008CE7A8 /* Debug */ = {
			isa = XCBuildConfiguration;
			buildSettings = {
				ALWAYS_EMBED_SWIFT_STANDARD_LIBRARIES = YES;
				BUNDLE_LOADER = "$(TEST_HOST)";
				CODE_SIGN_STYLE = Automatic;
				DEVELOPMENT_TEAM = KL7GLHZ84U;
				INFOPLIST_FILE = BusinessPlannerTests/Info.plist;
				IPHONEOS_DEPLOYMENT_TARGET = 13.7;
				LD_RUNPATH_SEARCH_PATHS = (
					"$(inherited)",
					"@executable_path/Frameworks",
					"@loader_path/Frameworks",
				);
				PRODUCT_BUNDLE_IDENTIFIER = "Anton-Shupletsov.BusinessPlannerTests";
				PRODUCT_NAME = "$(TARGET_NAME)";
				SWIFT_VERSION = 5.0;
				TARGETED_DEVICE_FAMILY = "1,2";
				TEST_HOST = "$(BUILT_PRODUCTS_DIR)/BusinessPlanner.app/BusinessPlanner";
			};
			name = Debug;
		};
		B629B838257CF19D008CE7A8 /* Release */ = {
			isa = XCBuildConfiguration;
			buildSettings = {
				ALWAYS_EMBED_SWIFT_STANDARD_LIBRARIES = YES;
				BUNDLE_LOADER = "$(TEST_HOST)";
				CODE_SIGN_STYLE = Automatic;
				DEVELOPMENT_TEAM = KL7GLHZ84U;
				INFOPLIST_FILE = BusinessPlannerTests/Info.plist;
				IPHONEOS_DEPLOYMENT_TARGET = 13.7;
				LD_RUNPATH_SEARCH_PATHS = (
					"$(inherited)",
					"@executable_path/Frameworks",
					"@loader_path/Frameworks",
				);
				PRODUCT_BUNDLE_IDENTIFIER = "Anton-Shupletsov.BusinessPlannerTests";
				PRODUCT_NAME = "$(TARGET_NAME)";
				SWIFT_VERSION = 5.0;
				TARGETED_DEVICE_FAMILY = "1,2";
				TEST_HOST = "$(BUILT_PRODUCTS_DIR)/BusinessPlanner.app/BusinessPlanner";
			};
			name = Release;
		};
		B629B83A257CF19D008CE7A8 /* Debug */ = {
			isa = XCBuildConfiguration;
			buildSettings = {
				ALWAYS_EMBED_SWIFT_STANDARD_LIBRARIES = YES;
				CODE_SIGN_STYLE = Automatic;
				DEVELOPMENT_TEAM = KL7GLHZ84U;
				INFOPLIST_FILE = BusinessPlannerUITests/Info.plist;
				LD_RUNPATH_SEARCH_PATHS = (
					"$(inherited)",
					"@executable_path/Frameworks",
					"@loader_path/Frameworks",
				);
				PRODUCT_BUNDLE_IDENTIFIER = "Anton-Shupletsov.BusinessPlannerUITests";
				PRODUCT_NAME = "$(TARGET_NAME)";
				SWIFT_VERSION = 5.0;
				TARGETED_DEVICE_FAMILY = "1,2";
				TEST_TARGET_NAME = BusinessPlanner;
			};
			name = Debug;
		};
		B629B83B257CF19D008CE7A8 /* Release */ = {
			isa = XCBuildConfiguration;
			buildSettings = {
				ALWAYS_EMBED_SWIFT_STANDARD_LIBRARIES = YES;
				CODE_SIGN_STYLE = Automatic;
				DEVELOPMENT_TEAM = KL7GLHZ84U;
				INFOPLIST_FILE = BusinessPlannerUITests/Info.plist;
				LD_RUNPATH_SEARCH_PATHS = (
					"$(inherited)",
					"@executable_path/Frameworks",
					"@loader_path/Frameworks",
				);
				PRODUCT_BUNDLE_IDENTIFIER = "Anton-Shupletsov.BusinessPlannerUITests";
				PRODUCT_NAME = "$(TARGET_NAME)";
				SWIFT_VERSION = 5.0;
				TARGETED_DEVICE_FAMILY = "1,2";
				TEST_TARGET_NAME = BusinessPlanner;
			};
			name = Release;
		};
/* End XCBuildConfiguration section */

/* Begin XCConfigurationList section */
		B629B801257CF19C008CE7A8 /* Build configuration list for PBXProject "BusinessPlanner" */ = {
			isa = XCConfigurationList;
			buildConfigurations = (
				B629B831257CF19D008CE7A8 /* Debug */,
				B629B832257CF19D008CE7A8 /* Release */,
			);
			defaultConfigurationIsVisible = 0;
			defaultConfigurationName = Release;
		};
		B629B833257CF19D008CE7A8 /* Build configuration list for PBXNativeTarget "BusinessPlanner" */ = {
			isa = XCConfigurationList;
			buildConfigurations = (
				B629B834257CF19D008CE7A8 /* Debug */,
				B629B835257CF19D008CE7A8 /* Release */,
			);
			defaultConfigurationIsVisible = 0;
			defaultConfigurationName = Release;
		};
		B629B836257CF19D008CE7A8 /* Build configuration list for PBXNativeTarget "BusinessPlannerTests" */ = {
			isa = XCConfigurationList;
			buildConfigurations = (
				B629B837257CF19D008CE7A8 /* Debug */,
				B629B838257CF19D008CE7A8 /* Release */,
			);
			defaultConfigurationIsVisible = 0;
			defaultConfigurationName = Release;
		};
		B629B839257CF19D008CE7A8 /* Build configuration list for PBXNativeTarget "BusinessPlannerUITests" */ = {
			isa = XCConfigurationList;
			buildConfigurations = (
				B629B83A257CF19D008CE7A8 /* Debug */,
				B629B83B257CF19D008CE7A8 /* Release */,
			);
			defaultConfigurationIsVisible = 0;
			defaultConfigurationName = Release;
		};
/* End XCConfigurationList section */

/* Begin XCVersionGroup section */
		B629B812257CF19C008CE7A8 /* BusinessPlanner.xcdatamodeld */ = {
			isa = XCVersionGroup;
			children = (
				B629B813257CF19C008CE7A8 /* BusinessPlanner.xcdatamodel */,
			);
			currentVersion = B629B813257CF19C008CE7A8 /* BusinessPlanner.xcdatamodel */;
			path = BusinessPlanner.xcdatamodeld;
			sourceTree = "<group>";
			versionGroupType = wrapper.xcdatamodel;
		};
/* End XCVersionGroup section */
	};
	rootObject = B629B7FE257CF19C008CE7A8 /* Project object */;
}
